
Microsoft Visual Studio Solution File, Format Version 12.00
# Visual Studio Version 17
VisualStudioVersion = 17.9.34723.18
MinimumVisualStudioVersion = 10.0.40219.1
Project("{FAE04EC0-301F-11D3-BF4B-00C04F79EFBC}") = "ITI_Material", "ITI_Material\ITI_Material.csproj", "{1A3CC932-2539-4F63-8D61-8AC84BB8536F}"
EndProject
Global
	GlobalSection(SolutionConfigurationPlatforms) = preSolution
		Debug|Any CPU = Debug|Any CPU
		Release|Any CPU = Release|Any CPU
	EndGlobalSection
	GlobalSection(ProjectConfigurationPlatforms) = postSolution
		{1A3CC932-2539-4F63-8D61-8AC84BB8536F}.Debug|Any CPU.ActiveCfg = Debug|Any CPU
		{1A3CC932-2539-4F63-8D61-8AC84BB8536F}.Debug|Any CPU.Build.0 = Debug|Any CPU
		{1A3CC932-2539-4F63-8D61-8AC84BB8536F}.Release|Any CPU.ActiveCfg = Release|Any CPU
		{1A3CC932-2539-4F63-8D61-8AC84BB8536F}.Release|Any CPU.Build.0 = Release|Any CPU
	EndGlobalSection
	GlobalSection(SolutionProperties) = preSolution
		HideSolutionNode = FALSE
	EndGlobalSection
	GlobalSection(ExtensibilityGlobals) = postSolution
		SolutionGuid = {0D64E1AF-7993-4AB3-9879-F5859E3E13FF}
	EndGlobalSection
EndGlobal
